
Microsoft Visual Studio Solution File, Format Version 12.00
Project("{FAE04EC0-301F-11D3-BF4B-00C04F79EFBC}") = "TechRound_test_task", "TechRound_test_task\TechRound_test_task.csproj", "{72F54655-2E1D-4882-A1E7-6837A2F2588A}"
EndProject
Global
	GlobalSection(SolutionConfigurationPlatforms) = preSolution
		Debug|Any CPU = Debug|Any CPU
		Release|Any CPU = Release|Any CPU
	EndGlobalSection
	GlobalSection(ProjectConfigurationPlatforms) = postSolution
		{72F54655-2E1D-4882-A1E7-6837A2F2588A}.Debug|Any CPU.ActiveCfg = Debug|Any CPU
		{72F54655-2E1D-4882-A1E7-6837A2F2588A}.Debug|Any CPU.Build.0 = Debug|Any CPU
		{72F54655-2E1D-4882-A1E7-6837A2F2588A}.Release|Any CPU.ActiveCfg = Release|Any CPU
		{72F54655-2E1D-4882-A1E7-6837A2F2588A}.Release|Any CPU.Build.0 = Release|Any CPU
	EndGlobalSection
EndGlobal
